// !$*UTF8*$!
{
	archiveVersion = 1;
	classes = {
	};
	objectVersion = 56;
	objects = {

/* Begin PBXBuildFile section */
		6335858A2AEC151600EF4CAC /* CityService.swift in Sources */ = {isa = PBXBuildFile; fileRef = 633585892AEC151600EF4CAC /* CityService.swift */; };
		6335858E2AEC17EE00EF4CAC /* DataCity.swift in Sources */ = {isa = PBXBuildFile; fileRef = 6335858D2AEC17EE00EF4CAC /* DataCity.swift */; };
		633585902AEC20FC00EF4CAC /* CityViewModel.swift in Sources */ = {isa = PBXBuildFile; fileRef = 6335858F2AEC20FC00EF4CAC /* CityViewModel.swift */; };
		637104E72AEB2B0C00CEE830 /* SkyCastApp.swift in Sources */ = {isa = PBXBuildFile; fileRef = 637104E62AEB2B0C00CEE830 /* SkyCastApp.swift */; };
		637104E92AEB2B0C00CEE830 /* ContentView.swift in Sources */ = {isa = PBXBuildFile; fileRef = 637104E82AEB2B0C00CEE830 /* ContentView.swift */; };
		637104EB2AEB2B0E00CEE830 /* Assets.xcassets in Resources */ = {isa = PBXBuildFile; fileRef = 637104EA2AEB2B0E00CEE830 /* Assets.xcassets */; };
		637104EE2AEB2B0E00CEE830 /* Preview Assets.xcassets in Resources */ = {isa = PBXBuildFile; fileRef = 637104ED2AEB2B0E00CEE830 /* Preview Assets.xcassets */; };
		637104F52AEB61DD00CEE830 /* ClimateViewModel.swift in Sources */ = {isa = PBXBuildFile; fileRef = 637104F42AEB61DD00CEE830 /* ClimateViewModel.swift */; };
		637104F72AEB6C5200CEE830 /* WeatherInformationView.swift in Sources */ = {isa = PBXBuildFile; fileRef = 637104F62AEB6C5200CEE830 /* WeatherInformationView.swift */; };
		637104F92AEB7A0D00CEE830 /* ClimateService.swift in Sources */ = {isa = PBXBuildFile; fileRef = 637104F82AEB7A0D00CEE830 /* ClimateService.swift */; };
		637104FB2AEB7A4C00CEE830 /* Climate.swift in Sources */ = {isa = PBXBuildFile; fileRef = 637104FA2AEB7A4C00CEE830 /* Climate.swift */; };
/* End PBXBuildFile section */

/* Begin PBXFileReference section */
		633585892AEC151600EF4CAC /* CityService.swift */ = {isa = PBXFileReference; lastKnownFileType = sourcecode.swift; path = CityService.swift; sourceTree = "<group>"; };
		6335858D2AEC17EE00EF4CAC /* DataCity.swift */ = {isa = PBXFileReference; lastKnownFileType = sourcecode.swift; path = DataCity.swift; sourceTree = "<group>"; };
		6335858F2AEC20FC00EF4CAC /* CityViewModel.swift */ = {isa = PBXFileReference; lastKnownFileType = sourcecode.swift; path = CityViewModel.swift; sourceTree = "<group>"; };
		637104E32AEB2B0C00CEE830 /* SkyCast.app */ = {isa = PBXFileReference; explicitFileType = wrapper.application; includeInIndex = 0; path = SkyCast.app; sourceTree = BUILT_PRODUCTS_DIR; };
		637104E62AEB2B0C00CEE830 /* SkyCastApp.swift */ = {isa = PBXFileReference; lastKnownFileType = sourcecode.swift; path = SkyCastApp.swift; sourceTree = "<group>"; };
		637104E82AEB2B0C00CEE830 /* ContentView.swift */ = {isa = PBXFileReference; lastKnownFileType = sourcecode.swift; path = ContentView.swift; sourceTree = "<group>"; };
		637104EA2AEB2B0E00CEE830 /* Assets.xcassets */ = {isa = PBXFileReference; lastKnownFileType = folder.assetcatalog; path = Assets.xcassets; sourceTree = "<group>"; };
		637104ED2AEB2B0E00CEE830 /* Preview Assets.xcassets */ = {isa = PBXFileReference; lastKnownFileType = folder.assetcatalog; path = "Preview Assets.xcassets"; sourceTree = "<group>"; };
		637104F42AEB61DD00CEE830 /* ClimateViewModel.swift */ = {isa = PBXFileReference; lastKnownFileType = sourcecode.swift; path = ClimateViewModel.swift; sourceTree = "<group>"; };
		637104F62AEB6C5200CEE830 /* WeatherInformationView.swift */ = {isa = PBXFileReference; lastKnownFileType = sourcecode.swift; path = WeatherInformationView.swift; sourceTree = "<group>"; };
		637104F82AEB7A0D00CEE830 /* ClimateService.swift */ = {isa = PBXFileReference; lastKnownFileType = sourcecode.swift; path = ClimateService.swift; sourceTree = "<group>"; };
		637104FA2AEB7A4C00CEE830 /* Climate.swift */ = {isa = PBXFileReference; lastKnownFileType = sourcecode.swift; path = Climate.swift; sourceTree = "<group>"; };
/* End PBXFileReference section */

/* Begin PBXFrameworksBuildPhase section */
		637104E02AEB2B0C00CEE830 /* Frameworks */ = {
			isa = PBXFrameworksBuildPhase;
			buildActionMask = 2147483647;
			files = (
			);
			runOnlyForDeploymentPostprocessing = 0;
		};
/* End PBXFrameworksBuildPhase section */

/* Begin PBXGroup section */
		637104DA2AEB2B0C00CEE830 = {
			isa = PBXGroup;
			children = (
				637104E52AEB2B0C00CEE830 /* SkyCast */,
				637104E42AEB2B0C00CEE830 /* Products */,
			);
			sourceTree = "<group>";
		};
		637104E42AEB2B0C00CEE830 /* Products */ = {
			isa = PBXGroup;
			children = (
				637104E32AEB2B0C00CEE830 /* SkyCast.app */,
			);
			name = Products;
			sourceTree = "<group>";
		};
		637104E52AEB2B0C00CEE830 /* SkyCast */ = {
			isa = PBXGroup;
			children = (
				637104E62AEB2B0C00CEE830 /* SkyCastApp.swift */,
				637104E82AEB2B0C00CEE830 /* ContentView.swift */,
				637104F62AEB6C5200CEE830 /* WeatherInformationView.swift */,
				637104F42AEB61DD00CEE830 /* ClimateViewModel.swift */,
				6335858F2AEC20FC00EF4CAC /* CityViewModel.swift */,
				637104F82AEB7A0D00CEE830 /* ClimateService.swift */,
				633585892AEC151600EF4CAC /* CityService.swift */,
				637104FA2AEB7A4C00CEE830 /* Climate.swift */,
				6335858D2AEC17EE00EF4CAC /* DataCity.swift */,
				637104EA2AEB2B0E00CEE830 /* Assets.xcassets */,
				637104EC2AEB2B0E00CEE830 /* Preview Content */,
			);
			path = SkyCast;
			sourceTree = "<group>";
		};
		637104EC2AEB2B0E00CEE830 /* Preview Content */ = {
			isa = PBXGroup;
			children = (
				637104ED2AEB2B0E00CEE830 /* Preview Assets.xcassets */,
			);
			path = "Preview Content";
			sourceTree = "<group>";
		};
/* End PBXGroup section */

/* Begin PBXNativeTarget section */
		637104E22AEB2B0C00CEE830 /* SkyCast */ = {
			isa = PBXNativeTarget;
			buildConfigurationList = 637104F12AEB2B0E00CEE830 /* Build configuration list for PBXNativeTarget "SkyCast" */;
			buildPhases = (
				637104DF2AEB2B0C00CEE830 /* Sources */,
				637104E02AEB2B0C00CEE830 /* Frameworks */,
				637104E12AEB2B0C00CEE830 /* Resources */,
			);
			buildRules = (
			);
			dependencies = (
			);
			name = SkyCast;
			productName = SkyCast;
			productReference = 637104E32AEB2B0C00CEE830 /* SkyCast.app */;
			productType = "com.apple.product-type.application";
		};
/* End PBXNativeTarget section */

/* Begin PBXProject section */
		637104DB2AEB2B0C00CEE830 /* Project object */ = {
			isa = PBXProject;
			attributes = {
				BuildIndependentTargetsInParallel = 1;
				LastSwiftUpdateCheck = 1500;
				LastUpgradeCheck = 1500;
				TargetAttributes = {
					637104E22AEB2B0C00CEE830 = {
						CreatedOnToolsVersion = 15.0.1;
					};
				};
			};
			buildConfigurationList = 637104DE2AEB2B0C00CEE830 /* Build configuration list for PBXProject "SkyCast" */;
			compatibilityVersion = "Xcode 14.0";
			developmentRegion = en;
			hasScannedForEncodings = 0;
			knownRegions = (
				en,
				Base,
			);
			mainGroup = 637104DA2AEB2B0C00CEE830;
			productRefGroup = 637104E42AEB2B0C00CEE830 /* Products */;
			projectDirPath = "";
			projectRoot = "";
			targets = (
				637104E22AEB2B0C00CEE830 /* SkyCast */,
			);
		};
/* End PBXProject section */

/* Begin PBXResourcesBuildPhase section */
		637104E12AEB2B0C00CEE830 /* Resources */ = {
			isa = PBXResourcesBuildPhase;
			buildActionMask = 2147483647;
			files = (
				637104EE2AEB2B0E00CEE830 /* Preview Assets.xcassets in Resources */,
				637104EB2AEB2B0E00CEE830 /* Assets.xcassets in Resources */,
			);
			runOnlyForDeploymentPostprocessing = 0;
		};
/* End PBXResourcesBuildPhase section */

/* Begin PBXSourcesBuildPhase section */
		637104DF2AEB2B0C00CEE830 /* Sources */ = {
			isa = PBXSourcesBuildPhase;
			buildActionMask = 2147483647;
			files = (
				637104F92AEB7A0D00CEE830 /* ClimateService.swift in Sources */,
				637104FB2AEB7A4C00CEE830 /* Climate.swift in Sources */,
				637104F72AEB6C5200CEE830 /* WeatherInformationView.swift in Sources */,
				637104E92AEB2B0C00CEE830 /* ContentView.swift in Sources */,
				637104F52AEB61DD00CEE830 /* ClimateViewModel.swift in Sources */,
				637104E72AEB2B0C00CEE830 /* SkyCastApp.swift in Sources */,
				6335858E2AEC17EE00EF4CAC /* DataCity.swift in Sources */,
				633585902AEC20FC00EF4CAC /* CityViewModel.swift in Sources */,
				6335858A2AEC151600EF4CAC /* CityService.swift in Sources */,
			);
			runOnlyForDeploymentPostprocessing = 0;
		};
/* End PBXSourcesBuildPhase section */

/* Begin XCBuildConfiguration section */
		637104EF2AEB2B0E00CEE830 /* Debug */ = {
			isa = XCBuildConfiguration;
			buildSettings = {
				ALWAYS_SEARCH_USER_PATHS = NO;
				ASSETCATALOG_COMPILER_GENERATE_SWIFT_ASSET_SYMBOL_EXTENSIONS = YES;
				CLANG_ANALYZER_NONNULL = YES;
				CLANG_ANALYZER_NUMBER_OBJECT_CONVERSION = YES_AGGRESSIVE;
				CLANG_CXX_LANGUAGE_STANDARD = "gnu++20";
				CLANG_ENABLE_MODULES = YES;
				CLANG_ENABLE_OBJC_ARC = YES;
				CLANG_ENABLE_OBJC_WEAK = YES;
				CLANG_WARN_BLOCK_CAPTURE_AUTORELEASING = YES;
				CLANG_WARN_BOOL_CONVERSION = YES;
				CLANG_WARN_COMMA = YES;
				CLANG_WARN_CONSTANT_CONVERSION = YES;
				CLANG_WARN_DEPRECATED_OBJC_IMPLEMENTATIONS = YES;
				CLANG_WARN_DIRECT_OBJC_ISA_USAGE = YES_ERROR;
				CLANG_WARN_DOCUMENTATION_COMMENTS = YES;
				CLANG_WARN_EMPTY_BODY = YES;
				CLANG_WARN_ENUM_CONVERSION = YES;
				CLANG_WARN_INFINITE_RECURSION = YES;
				CLANG_WARN_INT_CONVERSION = YES;
				CLANG_WARN_NON_LITERAL_NULL_CONVERSION = YES;
				CLANG_WARN_OBJC_IMPLICIT_RETAIN_SELF = YES;
				CLANG_WARN_OBJC_LITERAL_CONVERSION = YES;
				CLANG_WARN_OBJC_ROOT_CLASS = YES_ERROR;
				CLANG_WARN_QUOTED_INCLUDE_IN_FRAMEWORK_HEADER = YES;
				CLANG_WARN_RANGE_LOOP_ANALYSIS = YES;
				CLANG_WARN_STRICT_PROTOTYPES = YES;
				CLANG_WARN_SUSPICIOUS_MOVE = YES;
				CLANG_WARN_UNGUARDED_AVAILABILITY = YES_AGGRESSIVE;
				CLANG_WARN_UNREACHABLE_CODE = YES;
				CLANG_WARN__DUPLICATE_METHOD_MATCH = YES;
				COPY_PHASE_STRIP = NO;
				DEBUG_INFORMATION_FORMAT = dwarf;
				ENABLE_STRICT_OBJC_MSGSEND = YES;
				ENABLE_TESTABILITY = YES;
				ENABLE_USER_SCRIPT_SANDBOXING = YES;
				GCC_C_LANGUAGE_STANDARD = gnu17;
				GCC_DYNAMIC_NO_PIC = NO;
				GCC_NO_COMMON_BLOCKS = YES;
				GCC_OPTIMIZATION_LEVEL = 0;
				GCC_PREPROCESSOR_DEFINITIONS = (
					"DEBUG=1",
					"$(inherited)",
				);
				GCC_WARN_64_TO_32_BIT_CONVERSION = YES;
				GCC_WARN_ABOUT_RETURN_TYPE = YES_ERROR;
				GCC_WARN_UNDECLARED_SELECTOR = YES;
				GCC_WARN_UNINITIALIZED_AUTOS = YES_AGGRESSIVE;
				GCC_WARN_UNUSED_FUNCTION = YES;
				GCC_WARN_UNUSED_VARIABLE = YES;
				IPHONEOS_DEPLOYMENT_TARGET = 17.0;
				LOCALIZATION_PREFERS_STRING_CATALOGS = YES;
				MTL_ENABLE_DEBUG_INFO = INCLUDE_SOURCE;
				MTL_FAST_MATH = YES;
				ONLY_ACTIVE_ARCH = YES;
				SDKROOT = iphoneos;
				SWIFT_ACTIVE_COMPILATION_CONDITIONS = "DEBUG $(inherited)";
				SWIFT_OPTIMIZATION_LEVEL = "-Onone";
			};
			name = Debug;
		};
		637104F02AEB2B0E00CEE830 /* Release */ = {
			isa = XCBuildConfiguration;
			buildSettings = {
				ALWAYS_SEARCH_USER_PATHS = NO;
				ASSETCATALOG_COMPILER_GENERATE_SWIFT_ASSET_SYMBOL_EXTENSIONS = YES;
				CLANG_ANALYZER_NONNULL = YES;
				CLANG_ANALYZER_NUMBER_OBJECT_CONVERSION = YES_AGGRESSIVE;
				CLANG_CXX_LANGUAGE_STANDARD = "gnu++20";
				CLANG_ENABLE_MODULES = YES;
				CLANG_ENABLE_OBJC_ARC = YES;
				CLANG_ENABLE_OBJC_WEAK = YES;
				CLANG_WARN_BLOCK_CAPTURE_AUTORELEASING = YES;
				CLANG_WARN_BOOL_CONVERSION = YES;
				CLANG_WARN_COMMA = YES;
				CLANG_WARN_CONSTANT_CONVERSION = YES;
				CLANG_WARN_DEPRECATED_OBJC_IMPLEMENTATIONS = YES;
				CLANG_WARN_DIRECT_OBJC_ISA_USAGE = YES_ERROR;
				CLANG_WARN_DOCUMENTATION_COMMENTS = YES;
				CLANG_WARN_EMPTY_BODY = YES;
				CLANG_WARN_ENUM_CONVERSION = YES;
				CLANG_WARN_INFINITE_RECURSION = YES;
				CLANG_WARN_INT_CONVERSION = YES;
				CLANG_WARN_NON_LITERAL_NULL_CONVERSION = YES;
				CLANG_WARN_OBJC_IMPLICIT_RETAIN_SELF = YES;
				CLANG_WARN_OBJC_LITERAL_CONVERSION = YES;
				CLANG_WARN_OBJC_ROOT_CLASS = YES_ERROR;
				CLANG_WARN_QUOTED_INCLUDE_IN_FRAMEWORK_HEADER = YES;
				CLANG_WARN_RANGE_LOOP_ANALYSIS = YES;
				CLANG_WARN_STRICT_PROTOTYPES = YES;
				CLANG_WARN_SUSPICIOUS_MOVE = YES;
				CLANG_WARN_UNGUARDED_AVAILABILITY = YES_AGGRESSIVE;
				CLANG_WARN_UNREACHABLE_CODE = YES;
				CLANG_WARN__DUPLICATE_METHOD_MATCH = YES;
				COPY_PHASE_STRIP = NO;
				DEBUG_INFORMATION_FORMAT = "dwarf-with-dsym";
				ENABLE_NS_ASSERTIONS = NO;
				ENABLE_STRICT_OBJC_MSGSEND = YES;
				ENABLE_USER_SCRIPT_SANDBOXING = YES;
				GCC_C_LANGUAGE_STANDARD = gnu17;
				GCC_NO_COMMON_BLOCKS = YES;
				GCC_WARN_64_TO_32_BIT_CONVERSION = YES;
				GCC_WARN_ABOUT_RETURN_TYPE = YES_ERROR;
				GCC_WARN_UNDECLARED_SELECTOR = YES;
				GCC_WARN_UNINITIALIZED_AUTOS = YES_AGGRESSIVE;
				GCC_WARN_UNUSED_FUNCTION = YES;
				GCC_WARN_UNUSED_VARIABLE = YES;
				IPHONEOS_DEPLOYMENT_TARGET = 17.0;
				LOCALIZATION_PREFERS_STRING_CATALOGS = YES;
				MTL_ENABLE_DEBUG_INFO = NO;
				MTL_FAST_MATH = YES;
				SDKROOT = iphoneos;
				SWIFT_COMPILATION_MODE = wholemodule;
				VALIDATE_PRODUCT = YES;
			};
			name = Release;
		};
		637104F22AEB2B0E00CEE830 /* Debug */ = {
			isa = XCBuildConfiguration;
			buildSettings = {
				ASSETCATALOG_COMPILER_APPICON_NAME = AppIcon;
				ASSETCATALOG_COMPILER_GLOBAL_ACCENT_COLOR_NAME = AccentColor;
				ASSETCATALOG_COMPILER_INCLUDE_ALL_APPICON_ASSETS = YES;
				CODE_SIGN_STYLE = Automatic;
				CURRENT_PROJECT_VERSION = 1;
				DEVELOPMENT_ASSET_PATHS = "\"SkyCast/Preview Content\"";
				DEVELOPMENT_TEAM = 46PXCYRCS9;
				ENABLE_PREVIEWS = YES;
				GENERATE_INFOPLIST_FILE = YES;
				INFOPLIST_KEY_LSApplicationCategoryType = "public.app-category.weather";
				INFOPLIST_KEY_NSLocationAlwaysAndWhenInUseUsageDescription = "SkyCast requires your location to show local weather.";
				INFOPLIST_KEY_NSLocationAlwaysUsageDescription = "SkyCast requires your location to show local weather.";
				INFOPLIST_KEY_NSLocationWhenInUseUsageDescription = "SkyCast requires your location to show local weather.";
				INFOPLIST_KEY_UIApplicationSceneManifest_Generation = YES;
				INFOPLIST_KEY_UIApplicationSupportsIndirectInputEvents = YES;
				INFOPLIST_KEY_UILaunchScreen_Generation = YES;
				INFOPLIST_KEY_UISupportedInterfaceOrientations_iPad = "UIInterfaceOrientationPortrait UIInterfaceOrientationPortraitUpsideDown UIInterfaceOrientationLandscapeLeft UIInterfaceOrientationLandscapeRight";
				INFOPLIST_KEY_UISupportedInterfaceOrientations_iPhone = "UIInterfaceOrientationPortrait UIInterfaceOrientationLandscapeLeft UIInterfaceOrientationLandscapeRight";
				LD_RUNPATH_SEARCH_PATHS = (
					"$(inherited)",
					"@executable_path/Frameworks",
				);
				MARKETING_VERSION = 1.0;
				PRODUCT_BUNDLE_IDENTIFIER = com.DAJ.SkyCast;
				PRODUCT_NAME = "$(TARGET_NAME)";
				SWIFT_EMIT_LOC_STRINGS = YES;
				SWIFT_VERSION = 5.0;
				TARGETED_DEVICE_FAMILY = "1,2";
			};
			name = Debug;
		};
		637104F32AEB2B0E00CEE830 /* Release */ = {
			isa = XCBuildConfiguration;
			buildSettings = {
				ASSETCATALOG_COMPILER_APPICON_NAME = AppIcon;
				ASSETCATALOG_COMPILER_GLOBAL_ACCENT_COLOR_NAME = AccentColor;
				ASSETCATALOG_COMPILER_INCLUDE_ALL_APPICON_ASSETS = YES;
				CODE_SIGN_STYLE = Automatic;
				CURRENT_PROJECT_VERSION = 1;
				DEVELOPMENT_ASSET_PATHS = "\"SkyCast/Preview Content\"";
				DEVELOPMENT_TEAM = 46PXCYRCS9;
				ENABLE_PREVIEWS = YES;
				GENERATE_INFOPLIST_FILE = YES;
				INFOPLIST_KEY_LSApplicationCategoryType = "public.app-category.weather";
				INFOPLIST_KEY_NSLocationAlwaysAndWhenInUseUsageDescription = "SkyCast requires your location to show local weather.";
				INFOPLIST_KEY_NSLocationAlwaysUsageDescription = "SkyCast requires your location to show local weather.";
				INFOPLIST_KEY_NSLocationWhenInUseUsageDescription = "SkyCast requires your location to show local weather.";
				INFOPLIST_KEY_UIApplicationSceneManifest_Generation = YES;
				INFOPLIST_KEY_UIApplicationSupportsIndirectInputEvents = YES;
				INFOPLIST_KEY_UILaunchScreen_Generation = YES;
				INFOPLIST_KEY_UISupportedInterfaceOrientations_iPad = "UIInterfaceOrientationPortrait UIInterfaceOrientationPortraitUpsideDown UIInterfaceOrientationLandscapeLeft UIInterfaceOrientationLandscapeRight";
				INFOPLIST_KEY_UISupportedInterfaceOrientations_iPhone = "UIInterfaceOrientationPortrait UIInterfaceOrientationLandscapeLeft UIInterfaceOrientationLandscapeRight";
				LD_RUNPATH_SEARCH_PATHS = (
					"$(inherited)",
					"@executable_path/Frameworks",
				);
				MARKETING_VERSION = 1.0;
				PRODUCT_BUNDLE_IDENTIFIER = com.DAJ.SkyCast;
				PRODUCT_NAME = "$(TARGET_NAME)";
				SWIFT_EMIT_LOC_STRINGS = YES;
				SWIFT_VERSION = 5.0;
				TARGETED_DEVICE_FAMILY = "1,2";
			};
			name = Release;
		};
/* End XCBuildConfiguration section */

/* Begin XCConfigurationList section */
		637104DE2AEB2B0C00CEE830 /* Build configuration list for PBXProject "SkyCast" */ = {
			isa = XCConfigurationList;
			buildConfigurations = (
				637104EF2AEB2B0E00CEE830 /* Debug */,
				637104F02AEB2B0E00CEE830 /* Release */,
			);
			defaultConfigurationIsVisible = 0;
			defaultConfigurationName = Release;
		};
		637104F12AEB2B0E00CEE830 /* Build configuration list for PBXNativeTarget "SkyCast" */ = {
			isa = XCConfigurationList;
			buildConfigurations = (
				637104F22AEB2B0E00CEE830 /* Debug */,
				637104F32AEB2B0E00CEE830 /* Release */,
			);
			defaultConfigurationIsVisible = 0;
			defaultConfigurationName = Release;
		};
/* End XCConfigurationList section */
	};
	rootObject = 637104DB2AEB2B0C00CEE830 /* Project object */;
}
